PODS:
  - Alamofire (4.6.0)
  - FSCalendar (2.7.9)
  - SwiftyJSON (4.0.0)

DEPENDENCIES:
  - Alamofire
  - FSCalendar
  - SwiftyJSON

SPEC REPOS:
  https://github.com/cocoapods/specs.git:
    - Alamofire
    - FSCalendar
    - SwiftyJSON

SPEC CHECKSUMS:
  Alamofire: f41a599bd63041760b26d393ec1069d9d7b917f4
  FSCalendar: a04b09f16f811bc92e82f3cf852a15225233b9d5
  SwiftyJSON: 070dabdcb1beb81b247c65ffa3a79dbbfb3b48aa

PODFILE CHECKSUM: 2ed39125d4e52b3fef113f78d193b06f1b5e91cf

COCOAPODS: 1.6.0
