// !$*UTF8*$!
{
	archiveVersion = 1;
	classes = {
	};
	objectVersion = 50;
	objects = {

/* Begin PBXBuildFile section */
		3068D4342217A1FF0087D693 /* MainTabBarController.swift in Sources */ = {isa = PBXBuildFile; fileRef = 3068D4332217A1FF0087D693 /* MainTabBarController.swift */; };
		3068D4372217BDC30087D693 /* MoodButton.swift in Sources */ = {isa = PBXBuildFile; fileRef = 3068D4362217BDC30087D693 /* MoodButton.swift */; };
		3068D43B2217C0910087D693 /* DataService.swift in Sources */ = {isa = PBXBuildFile; fileRef = 3068D43A2217C0910087D693 /* DataService.swift */; };
		3068D43D2217C3940087D693 /* Constants.swift in Sources */ = {isa = PBXBuildFile; fileRef = 3068D43C2217C3940087D693 /* Constants.swift */; };
		3068D43F2217DB3D0087D693 /* PreviousMoodViewController.swift in Sources */ = {isa = PBXBuildFile; fileRef = 3068D43E2217DB3D0087D693 /* PreviousMoodViewController.swift */; };
		30BD63D82213FBDD00ADDC22 /* AppDelegate.swift in Sources */ = {isa = PBXBuildFile; fileRef = 30BD63D72213FBDD00ADDC22 /* AppDelegate.swift */; };
		30BD63DF2213FBDE00ADDC22 /* Assets.xcassets in Resources */ = {isa = PBXBuildFile; fileRef = 30BD63DE2213FBDE00ADDC22 /* Assets.xcassets */; };
		30BD63E22213FBDE00ADDC22 /* LaunchScreen.storyboard in Resources */ = {isa = PBXBuildFile; fileRef = 30BD63E02213FBDE00ADDC22 /* LaunchScreen.storyboard */; };
		30BD63ED2213FBDE00ADDC22 /* GoodDayTests.swift in Sources */ = {isa = PBXBuildFile; fileRef = 30BD63EC2213FBDE00ADDC22 /* GoodDayTests.swift */; };
		30BD63F82213FBDE00ADDC22 /* GoodDayUITests.swift in Sources */ = {isa = PBXBuildFile; fileRef = 30BD63F72213FBDE00ADDC22 /* GoodDayUITests.swift */; };
		30BD64072213FC5D00ADDC22 /* MoodViewController.swift in Sources */ = {isa = PBXBuildFile; fileRef = 30BD64062213FC5D00ADDC22 /* MoodViewController.swift */; };
		30BD64092213FCB200ADDC22 /* Main.storyboard in Resources */ = {isa = PBXBuildFile; fileRef = 30BD64082213FCB200ADDC22 /* Main.storyboard */; };
		30CE4E882217E7AC00800615 /* ActivitiesViewController.swift in Sources */ = {isa = PBXBuildFile; fileRef = 30CE4E872217E7AC00800615 /* ActivitiesViewController.swift */; };
		30CE4E8A2217F18300800615 /* AddActivityViewController.swift in Sources */ = {isa = PBXBuildFile; fileRef = 30CE4E892217F18300800615 /* AddActivityViewController.swift */; };
		30CE4E8C221808BD00800615 /* CalendarViewController.swift in Sources */ = {isa = PBXBuildFile; fileRef = 30CE4E8B221808BD00800615 /* CalendarViewController.swift */; };
		30CE4E8F221820CB00800615 /* Activity.swift in Sources */ = {isa = PBXBuildFile; fileRef = 30CE4E8E221820CB00800615 /* Activity.swift */; };
		30CE4E91221829CA00800615 /* ActivityViewCell.swift in Sources */ = {isa = PBXBuildFile; fileRef = 30CE4E90221829CA00800615 /* ActivityViewCell.swift */; };
		30CE4E952218ABF000800615 /* StatsViewController.swift in Sources */ = {isa = PBXBuildFile; fileRef = 30CE4E942218ABF000800615 /* StatsViewController.swift */; };
		30CE4E972218B36D00800615 /* HappiestActivitiesCell.swift in Sources */ = {isa = PBXBuildFile; fileRef = 30CE4E962218B36D00800615 /* HappiestActivitiesCell.swift */; };
		30CE4E9922190A2900800615 /* SettingsViewController.swift in Sources */ = {isa = PBXBuildFile; fileRef = 30CE4E9822190A2800800615 /* SettingsViewController.swift */; };
		540A0AF3507DC828D1744D8E /* Pods_GoodDayTests.framework in Frameworks */ = {isa = PBXBuildFile; fileRef = 923040AC7CF8C512DCF6797D /* Pods_GoodDayTests.framework */; };
		999FF910134C67B5C54B9F97 /* Pods_GoodDay.framework in Frameworks */ = {isa = PBXBuildFile; fileRef = F34597F577094AFCC8D98ECB /* Pods_GoodDay.framework */; };
		A13AE96FC08555002ECB4941 /* Pods_GoodDayUITests.framework in Frameworks */ = {isa = PBXBuildFile; fileRef = 5020499B9E4C0FB17D1F5CCA /* Pods_GoodDayUITests.framework */; };
/* End PBXBuildFile section */

/* Begin PBXContainerItemProxy section */
		30BD63E92213FBDE00ADDC22 /* PBXContainerItemProxy */ = {
			isa = PBXContainerItemProxy;
			containerPortal = 30BD63CC2213FBDC00ADDC22 /* Project object */;
			proxyType = 1;
			remoteGlobalIDString = 30BD63D32213FBDD00ADDC22;
			remoteInfo = GoodDay;
		};
		30BD63F42213FBDE00ADDC22 /* PBXContainerItemProxy */ = {
			isa = PBXContainerItemProxy;
			containerPortal = 30BD63CC2213FBDC00ADDC22 /* Project object */;
			proxyType = 1;
			remoteGlobalIDString = 30BD63D32213FBDD00ADDC22;
			remoteInfo = GoodDay;
		};
/* End PBXContainerItemProxy section */

/* Begin PBXFileReference section */
		29CFFA8F3B2229A23C24D5A3 /* Pods-GoodDayUITests.release.xcconfig */ = {isa = PBXFileReference; includeInIndex = 1; lastKnownFileType = text.xcconfig; name = "Pods-GoodDayUITests.release.xcconfig"; path = "Target Support Files/Pods-GoodDayUITests/Pods-GoodDayUITests.release.xcconfig"; sourceTree = "<group>"; };
		3068D4332217A1FF0087D693 /* MainTabBarController.swift */ = {isa = PBXFileReference; lastKnownFileType = sourcecode.swift; path = MainTabBarController.swift; sourceTree = "<group>"; };
		3068D4362217BDC30087D693 /* MoodButton.swift */ = {isa = PBXFileReference; lastKnownFileType = sourcecode.swift; path = MoodButton.swift; sourceTree = "<group>"; };
		3068D43A2217C0910087D693 /* DataService.swift */ = {isa = PBXFileReference; lastKnownFileType = sourcecode.swift; path = DataService.swift; sourceTree = "<group>"; };
		3068D43C2217C3940087D693 /* Constants.swift */ = {isa = PBXFileReference; lastKnownFileType = sourcecode.swift; path = Constants.swift; sourceTree = "<group>"; };
		3068D43E2217DB3D0087D693 /* PreviousMoodViewController.swift */ = {isa = PBXFileReference; lastKnownFileType = sourcecode.swift; path = PreviousMoodViewController.swift; sourceTree = "<group>"; };
		30BD63D42213FBDD00ADDC22 /* GoodDay.app */ = {isa = PBXFileReference; explicitFileType = wrapper.application; includeInIndex = 0; path = GoodDay.app; sourceTree = BUILT_PRODUCTS_DIR; };
		30BD63D72213FBDD00ADDC22 /* AppDelegate.swift */ = {isa = PBXFileReference; lastKnownFileType = sourcecode.swift; path = AppDelegate.swift; sourceTree = "<group>"; };
		30BD63DE2213FBDE00ADDC22 /* Assets.xcassets */ = {isa = PBXFileReference; lastKnownFileType = folder.assetcatalog; path = Assets.xcassets; sourceTree = "<group>"; };
		30BD63E12213FBDE00ADDC22 /* Base */ = {isa = PBXFileReference; lastKnownFileType = file.storyboard; name = Base; path = Base.lproj/LaunchScreen.storyboard; sourceTree = "<group>"; };
		30BD63E32213FBDE00ADDC22 /* Info.plist */ = {isa = PBXFileReference; lastKnownFileType = text.plist.xml; path = Info.plist; sourceTree = "<group>"; };
		30BD63E82213FBDE00ADDC22 /* GoodDayTests.xctest */ = {isa = PBXFileReference; explicitFileType = wrapper.cfbundle; includeInIndex = 0; path = GoodDayTests.xctest; sourceTree = BUILT_PRODUCTS_DIR; };
		30BD63EC2213FBDE00ADDC22 /* GoodDayTests.swift */ = {isa = PBXFileReference; lastKnownFileType = sourcecode.swift; path = GoodDayTests.swift; sourceTree = "<group>"; };
		30BD63EE2213FBDE00ADDC22 /* Info.plist */ = {isa = PBXFileReference; lastKnownFileType = text.plist.xml; path = Info.plist; sourceTree = "<group>"; };
		30BD63F32213FBDE00ADDC22 /* GoodDayUITests.xctest */ = {isa = PBXFileReference; explicitFileType = wrapper.cfbundle; includeInIndex = 0; path = GoodDayUITests.xctest; sourceTree = BUILT_PRODUCTS_DIR; };
		30BD63F72213FBDE00ADDC22 /* GoodDayUITests.swift */ = {isa = PBXFileReference; lastKnownFileType = sourcecode.swift; path = GoodDayUITests.swift; sourceTree = "<group>"; };
		30BD63F92213FBDE00ADDC22 /* Info.plist */ = {isa = PBXFileReference; lastKnownFileType = text.plist.xml; path = Info.plist; sourceTree = "<group>"; };
		30BD64062213FC5D00ADDC22 /* MoodViewController.swift */ = {isa = PBXFileReference; lastKnownFileType = sourcecode.swift; path = MoodViewController.swift; sourceTree = "<group>"; };
		30BD64082213FCB200ADDC22 /* Main.storyboard */ = {isa = PBXFileReference; lastKnownFileType = file.storyboard; path = Main.storyboard; sourceTree = "<group>"; };
		30CE4E872217E7AC00800615 /* ActivitiesViewController.swift */ = {isa = PBXFileReference; lastKnownFileType = sourcecode.swift; path = ActivitiesViewController.swift; sourceTree = "<group>"; };
		30CE4E892217F18300800615 /* AddActivityViewController.swift */ = {isa = PBXFileReference; lastKnownFileType = sourcecode.swift; path = AddActivityViewController.swift; sourceTree = "<group>"; };
		30CE4E8B221808BD00800615 /* CalendarViewController.swift */ = {isa = PBXFileReference; lastKnownFileType = sourcecode.swift; path = CalendarViewController.swift; sourceTree = "<group>"; };
		30CE4E8E221820CB00800615 /* Activity.swift */ = {isa = PBXFileReference; lastKnownFileType = sourcecode.swift; path = Activity.swift; sourceTree = "<group>"; };
		30CE4E90221829CA00800615 /* ActivityViewCell.swift */ = {isa = PBXFileReference; lastKnownFileType = sourcecode.swift; path = ActivityViewCell.swift; sourceTree = "<group>"; };
		30CE4E942218ABF000800615 /* StatsViewController.swift */ = {isa = PBXFileReference; lastKnownFileType = sourcecode.swift; path = StatsViewController.swift; sourceTree = "<group>"; };
		30CE4E962218B36D00800615 /* HappiestActivitiesCell.swift */ = {isa = PBXFileReference; lastKnownFileType = sourcecode.swift; path = HappiestActivitiesCell.swift; sourceTree = "<group>"; };
		30CE4E9822190A2800800615 /* SettingsViewController.swift */ = {isa = PBXFileReference; lastKnownFileType = sourcecode.swift; path = SettingsViewController.swift; sourceTree = "<group>"; };
		5020499B9E4C0FB17D1F5CCA /* Pods_GoodDayUITests.framework */ = {isa = PBXFileReference; explicitFileType = wrapper.framework; includeInIndex = 0; path = Pods_GoodDayUITests.framework; sourceTree = BUILT_PRODUCTS_DIR; };
		542FE3FBC1693A4227A34487 /* Pods-GoodDay.release.xcconfig */ = {isa = PBXFileReference; includeInIndex = 1; lastKnownFileType = text.xcconfig; name = "Pods-GoodDay.release.xcconfig"; path = "Target Support Files/Pods-GoodDay/Pods-GoodDay.release.xcconfig"; sourceTree = "<group>"; };
		7D2D29D9E47541C431B19670 /* Pods-GoodDayTests.debug.xcconfig */ = {isa = PBXFileReference; includeInIndex = 1; lastKnownFileType = text.xcconfig; name = "Pods-GoodDayTests.debug.xcconfig"; path = "Target Support Files/Pods-GoodDayTests/Pods-GoodDayTests.debug.xcconfig"; sourceTree = "<group>"; };
		923040AC7CF8C512DCF6797D /* Pods_GoodDayTests.framework */ = {isa = PBXFileReference; explicitFileType = wrapper.framework; includeInIndex = 0; path = Pods_GoodDayTests.framework; sourceTree = BUILT_PRODUCTS_DIR; };
		99B9DE501E6D6A580EAF4297 /* Pods-GoodDayTests.release.xcconfig */ = {isa = PBXFileReference; includeInIndex = 1; lastKnownFileType = text.xcconfig; name = "Pods-GoodDayTests.release.xcconfig"; path = "Target Support Files/Pods-GoodDayTests/Pods-GoodDayTests.release.xcconfig"; sourceTree = "<group>"; };
		A69F9A025D3E8C1B48BE7700 /* Pods-GoodDayUITests.debug.xcconfig */ = {isa = PBXFileReference; includeInIndex = 1; lastKnownFileType = text.xcconfig; name = "Pods-GoodDayUITests.debug.xcconfig"; path = "Target Support Files/Pods-GoodDayUITests/Pods-GoodDayUITests.debug.xcconfig"; sourceTree = "<group>"; };
		DBA6678DCB249A5288CF3F0E /* Pods-GoodDay.debug.xcconfig */ = {isa = PBXFileReference; includeInIndex = 1; lastKnownFileType = text.xcconfig; name = "Pods-GoodDay.debug.xcconfig"; path = "Target Support Files/Pods-GoodDay/Pods-GoodDay.debug.xcconfig"; sourceTree = "<group>"; };
		F34597F577094AFCC8D98ECB /* Pods_GoodDay.framework */ = {isa = PBXFileReference; explicitFileType = wrapper.framework; includeInIndex = 0; path = Pods_GoodDay.framework; sourceTree = BUILT_PRODUCTS_DIR; };
/* End PBXFileReference section */

/* Begin PBXFrameworksBuildPhase section */
		30BD63D12213FBDD00ADDC22 /* Frameworks */ = {
			isa = PBXFrameworksBuildPhase;
			buildActionMask = 2147483647;
			files = (
				999FF910134C67B5C54B9F97 /* Pods_GoodDay.framework in Frameworks */,
			);
			runOnlyForDeploymentPostprocessing = 0;
		};
		30BD63E52213FBDE00ADDC22 /* Frameworks */ = {
			isa = PBXFrameworksBuildPhase;
			buildActionMask = 2147483647;
			files = (
				540A0AF3507DC828D1744D8E /* Pods_GoodDayTests.framework in Frameworks */,
			);
			runOnlyForDeploymentPostprocessing = 0;
		};
		30BD63F02213FBDE00ADDC22 /* Frameworks */ = {
			isa = PBXFrameworksBuildPhase;
			buildActionMask = 2147483647;
			files = (
				A13AE96FC08555002ECB4941 /* Pods_GoodDayUITests.framework in Frameworks */,
			);
			runOnlyForDeploymentPostprocessing = 0;
		};
/* End PBXFrameworksBuildPhase section */

/* Begin PBXGroup section */
		02CF6CBA7ACFDF0D590F6734 /* Frameworks */ = {
			isa = PBXGroup;
			children = (
				F34597F577094AFCC8D98ECB /* Pods_GoodDay.framework */,
				923040AC7CF8C512DCF6797D /* Pods_GoodDayTests.framework */,
				5020499B9E4C0FB17D1F5CCA /* Pods_GoodDayUITests.framework */,
			);
			name = Frameworks;
			sourceTree = "<group>";
		};
		3068D4352217BD9B0087D693 /* View */ = {
			isa = PBXGroup;
			children = (
				3068D4362217BDC30087D693 /* MoodButton.swift */,
				30CE4E90221829CA00800615 /* ActivityViewCell.swift */,
				30CE4E962218B36D00800615 /* HappiestActivitiesCell.swift */,
			);
			path = View;
			sourceTree = "<group>";
		};
		3068D4382217C0830087D693 /* Helpers */ = {
			isa = PBXGroup;
			children = (
				3068D4392217C0870087D693 /* Networking */,
				3068D43C2217C3940087D693 /* Constants.swift */,
			);
			path = Helpers;
			sourceTree = "<group>";
		};
		3068D4392217C0870087D693 /* Networking */ = {
			isa = PBXGroup;
			children = (
				3068D43A2217C0910087D693 /* DataService.swift */,
			);
			path = Networking;
			sourceTree = "<group>";
		};
		30BD63CB2213FBDC00ADDC22 = {
			isa = PBXGroup;
			children = (
				30BD63D62213FBDD00ADDC22 /* GoodDay */,
				30BD63EB2213FBDE00ADDC22 /* GoodDayTests */,
				30BD63F62213FBDE00ADDC22 /* GoodDayUITests */,
				30BD63D52213FBDD00ADDC22 /* Products */,
				B1928DAA976ABC86B4109043 /* Pods */,
				02CF6CBA7ACFDF0D590F6734 /* Frameworks */,
			);
			sourceTree = "<group>";
		};
		30BD63D52213FBDD00ADDC22 /* Products */ = {
			isa = PBXGroup;
			children = (
				30BD63D42213FBDD00ADDC22 /* GoodDay.app */,
				30BD63E82213FBDE00ADDC22 /* GoodDayTests.xctest */,
				30BD63F32213FBDE00ADDC22 /* GoodDayUITests.xctest */,
			);
			name = Products;
			sourceTree = "<group>";
		};
		30BD63D62213FBDD00ADDC22 /* GoodDay */ = {
			isa = PBXGroup;
			children = (
				30CE4E8D221820C100800615 /* Models */,
				3068D4382217C0830087D693 /* Helpers */,
				3068D4352217BD9B0087D693 /* View */,
				30BD64052213FC4600ADDC22 /* Controllers */,
				30BD63D72213FBDD00ADDC22 /* AppDelegate.swift */,
				30BD63DE2213FBDE00ADDC22 /* Assets.xcassets */,
				30BD63E02213FBDE00ADDC22 /* LaunchScreen.storyboard */,
				30BD63E32213FBDE00ADDC22 /* Info.plist */,
				30BD64082213FCB200ADDC22 /* Main.storyboard */,
			);
			path = GoodDay;
			sourceTree = "<group>";
		};
		30BD63EB2213FBDE00ADDC22 /* GoodDayTests */ = {
			isa = PBXGroup;
			children = (
				30BD63EC2213FBDE00ADDC22 /* GoodDayTests.swift */,
				30BD63EE2213FBDE00ADDC22 /* Info.plist */,
			);
			path = GoodDayTests;
			sourceTree = "<group>";
		};
		30BD63F62213FBDE00ADDC22 /* GoodDayUITests */ = {
			isa = PBXGroup;
			children = (
				30BD63F72213FBDE00ADDC22 /* GoodDayUITests.swift */,
				30BD63F92213FBDE00ADDC22 /* Info.plist */,
			);
			path = GoodDayUITests;
			sourceTree = "<group>";
		};
		30BD64052213FC4600ADDC22 /* Controllers */ = {
			isa = PBXGroup;
			children = (
				30BD64062213FC5D00ADDC22 /* MoodViewController.swift */,
				3068D4332217A1FF0087D693 /* MainTabBarController.swift */,
				3068D43E2217DB3D0087D693 /* PreviousMoodViewController.swift */,
				30CE4E872217E7AC00800615 /* ActivitiesViewController.swift */,
				30CE4E892217F18300800615 /* AddActivityViewController.swift */,
				30CE4E8B221808BD00800615 /* CalendarViewController.swift */,
				30CE4E942218ABF000800615 /* StatsViewController.swift */,
				30CE4E9822190A2800800615 /* SettingsViewController.swift */,
			);
			path = Controllers;
			sourceTree = "<group>";
		};
		30CE4E8D221820C100800615 /* Models */ = {
			isa = PBXGroup;
			children = (
				30CE4E8E221820CB00800615 /* Activity.swift */,
			);
			path = Models;
			sourceTree = "<group>";
		};
		B1928DAA976ABC86B4109043 /* Pods */ = {
			isa = PBXGroup;
			children = (
				DBA6678DCB249A5288CF3F0E /* Pods-GoodDay.debug.xcconfig */,
				542FE3FBC1693A4227A34487 /* Pods-GoodDay.release.xcconfig */,
				7D2D29D9E47541C431B19670 /* Pods-GoodDayTests.debug.xcconfig */,
				99B9DE501E6D6A580EAF4297 /* Pods-GoodDayTests.release.xcconfig */,
				A69F9A025D3E8C1B48BE7700 /* Pods-GoodDayUITests.debug.xcconfig */,
				29CFFA8F3B2229A23C24D5A3 /* Pods-GoodDayUITests.release.xcconfig */,
			);
			path = Pods;
			sourceTree = "<group>";
		};
/* End PBXGroup section */

/* Begin PBXNativeTarget section */
		30BD63D32213FBDD00ADDC22 /* GoodDay */ = {
			isa = PBXNativeTarget;
			buildConfigurationList = 30BD63FC2213FBDE00ADDC22 /* Build configuration list for PBXNativeTarget "GoodDay" */;
			buildPhases = (
				A0AE050739F25DD790B9F728 /* [CP] Check Pods Manifest.lock */,
				30BD63D02213FBDD00ADDC22 /* Sources */,
				30BD63D12213FBDD00ADDC22 /* Frameworks */,
				30BD63D22213FBDD00ADDC22 /* Resources */,
				C18C50BA9C96A56A63E21F77 /* [CP] Embed Pods Frameworks */,
			);
			buildRules = (
			);
			dependencies = (
			);
			name = GoodDay;
			productName = GoodDay;
			productReference = 30BD63D42213FBDD00ADDC22 /* GoodDay.app */;
			productType = "com.apple.product-type.application";
		};
		30BD63E72213FBDE00ADDC22 /* GoodDayTests */ = {
			isa = PBXNativeTarget;
			buildConfigurationList = 30BD63FF2213FBDE00ADDC22 /* Build configuration list for PBXNativeTarget "GoodDayTests" */;
			buildPhases = (
				9CD5E1B697BDD82F9BF4FD05 /* [CP] Check Pods Manifest.lock */,
				30BD63E42213FBDE00ADDC22 /* Sources */,
				30BD63E52213FBDE00ADDC22 /* Frameworks */,
				30BD63E62213FBDE00ADDC22 /* Resources */,
			);
			buildRules = (
			);
			dependencies = (
				30BD63EA2213FBDE00ADDC22 /* PBXTargetDependency */,
			);
			name = GoodDayTests;
			productName = GoodDayTests;
			productReference = 30BD63E82213FBDE00ADDC22 /* GoodDayTests.xctest */;
			productType = "com.apple.product-type.bundle.unit-test";
		};
		30BD63F22213FBDE00ADDC22 /* GoodDayUITests */ = {
			isa = PBXNativeTarget;
			buildConfigurationList = 30BD64022213FBDE00ADDC22 /* Build configuration list for PBXNativeTarget "GoodDayUITests" */;
			buildPhases = (
				2607F5A292DED9E59557280A /* [CP] Check Pods Manifest.lock */,
				30BD63EF2213FBDE00ADDC22 /* Sources */,
				30BD63F02213FBDE00ADDC22 /* Frameworks */,
				30BD63F12213FBDE00ADDC22 /* Resources */,
			);
			buildRules = (
			);
			dependencies = (
				30BD63F52213FBDE00ADDC22 /* PBXTargetDependency */,
			);
			name = GoodDayUITests;
			productName = GoodDayUITests;
			productReference = 30BD63F32213FBDE00ADDC22 /* GoodDayUITests.xctest */;
			productType = "com.apple.product-type.bundle.ui-testing";
		};
/* End PBXNativeTarget section */

/* Begin PBXProject section */
		30BD63CC2213FBDC00ADDC22 /* Project object */ = {
			isa = PBXProject;
			attributes = {
				LastSwiftUpdateCheck = 1010;
				LastUpgradeCheck = 1010;
				ORGANIZATIONNAME = dannylin;
				TargetAttributes = {
					30BD63D32213FBDD00ADDC22 = {
						CreatedOnToolsVersion = 10.1;
					};
					30BD63E72213FBDE00ADDC22 = {
						CreatedOnToolsVersion = 10.1;
						TestTargetID = 30BD63D32213FBDD00ADDC22;
					};
					30BD63F22213FBDE00ADDC22 = {
						CreatedOnToolsVersion = 10.1;
						TestTargetID = 30BD63D32213FBDD00ADDC22;
					};
				};
			};
			buildConfigurationList = 30BD63CF2213FBDC00ADDC22 /* Build configuration list for PBXProject "GoodDay" */;
			compatibilityVersion = "Xcode 9.3";
			developmentRegion = en;
			hasScannedForEncodings = 0;
			knownRegions = (
				en,
				Base,
			);
			mainGroup = 30BD63CB2213FBDC00ADDC22;
			productRefGroup = 30BD63D52213FBDD00ADDC22 /* Products */;
			projectDirPath = "";
			projectRoot = "";
			targets = (
				30BD63D32213FBDD00ADDC22 /* GoodDay */,
				30BD63E72213FBDE00ADDC22 /* GoodDayTests */,
				30BD63F22213FBDE00ADDC22 /* GoodDayUITests */,
			);
		};
/* End PBXProject section */

/* Begin PBXResourcesBuildPhase section */
		30BD63D22213FBDD00ADDC22 /* Resources */ = {
			isa = PBXResourcesBuildPhase;
			buildActionMask = 2147483647;
			files = (
				30BD64092213FCB200ADDC22 /* Main.storyboard in Resources */,
				30BD63E22213FBDE00ADDC22 /* LaunchScreen.storyboard in Resources */,
				30BD63DF2213FBDE00ADDC22 /* Assets.xcassets in Resources */,
			);
			runOnlyForDeploymentPostprocessing = 0;
		};
		30BD63E62213FBDE00ADDC22 /* Resources */ = {
			isa = PBXResourcesBuildPhase;
			buildActionMask = 2147483647;
			files = (
			);
			runOnlyForDeploymentPostprocessing = 0;
		};
		30BD63F12213FBDE00ADDC22 /* Resources */ = {
			isa = PBXResourcesBuildPhase;
			buildActionMask = 2147483647;
			files = (
			);
			runOnlyForDeploymentPostprocessing = 0;
		};
/* End PBXResourcesBuildPhase section */

/* Begin PBXShellScriptBuildPhase section */
		2607F5A292DED9E59557280A /* [CP] Check Pods Manifest.lock */ = {
			isa = PBXShellScriptBuildPhase;
			buildActionMask = 2147483647;
			files = (
			);
			inputFileListPaths = (
			);
			inputPaths = (
				"${PODS_PODFILE_DIR_PATH}/Podfile.lock",
				"${PODS_ROOT}/Manifest.lock",
			);
			name = "[CP] Check Pods Manifest.lock";
			outputFileListPaths = (
			);
			outputPaths = (
				"$(DERIVED_FILE_DIR)/Pods-GoodDayUITests-checkManifestLockResult.txt",
			);
			runOnlyForDeploymentPostprocessing = 0;
			shellPath = /bin/sh;
			shellScript = "diff \"${PODS_PODFILE_DIR_PATH}/Podfile.lock\" \"${PODS_ROOT}/Manifest.lock\" > /dev/null\nif [ $? != 0 ] ; then\n    # print error to STDERR\n    echo \"error: The sandbox is not in sync with the Podfile.lock. Run 'pod install' or update your CocoaPods installation.\" >&2\n    exit 1\nfi\n# This output is used by Xcode 'outputs' to avoid re-running this script phase.\necho \"SUCCESS\" > \"${SCRIPT_OUTPUT_FILE_0}\"\n";
			showEnvVarsInLog = 0;
		};
		9CD5E1B697BDD82F9BF4FD05 /* [CP] Check Pods Manifest.lock */ = {
			isa = PBXShellScriptBuildPhase;
			buildActionMask = 2147483647;
			files = (
			);
			inputFileListPaths = (
			);
			inputPaths = (
				"${PODS_PODFILE_DIR_PATH}/Podfile.lock",
				"${PODS_ROOT}/Manifest.lock",
			);
			name = "[CP] Check Pods Manifest.lock";
			outputFileListPaths = (
			);
			outputPaths = (
				"$(DERIVED_FILE_DIR)/Pods-GoodDayTests-checkManifestLockResult.txt",
			);
			runOnlyForDeploymentPostprocessing = 0;
			shellPath = /bin/sh;
			shellScript = "diff \"${PODS_PODFILE_DIR_PATH}/Podfile.lock\" \"${PODS_ROOT}/Manifest.lock\" > /dev/null\nif [ $? != 0 ] ; then\n    # print error to STDERR\n    echo \"error: The sandbox is not in sync with the Podfile.lock. Run 'pod install' or update your CocoaPods installation.\" >&2\n    exit 1\nfi\n# This output is used by Xcode 'outputs' to avoid re-running this script phase.\necho \"SUCCESS\" > \"${SCRIPT_OUTPUT_FILE_0}\"\n";
			showEnvVarsInLog = 0;
		};
		A0AE050739F25DD790B9F728 /* [CP] Check Pods Manifest.lock */ = {
			isa = PBXShellScriptBuildPhase;
			buildActionMask = 2147483647;
			files = (
			);
			inputFileListPaths = (
			);
			inputPaths = (
				"${PODS_PODFILE_DIR_PATH}/Podfile.lock",
				"${PODS_ROOT}/Manifest.lock",
			);
			name = "[CP] Check Pods Manifest.lock";
			outputFileListPaths = (
			);
			outputPaths = (
				"$(DERIVED_FILE_DIR)/Pods-GoodDay-checkManifestLockResult.txt",
			);
			runOnlyForDeploymentPostprocessing = 0;
			shellPath = /bin/sh;
			shellScript = "diff \"${PODS_PODFILE_DIR_PATH}/Podfile.lock\" \"${PODS_ROOT}/Manifest.lock\" > /dev/null\nif [ $? != 0 ] ; then\n    # print error to STDERR\n    echo \"error: The sandbox is not in sync with the Podfile.lock. Run 'pod install' or update your CocoaPods installation.\" >&2\n    exit 1\nfi\n# This output is used by Xcode 'outputs' to avoid re-running this script phase.\necho \"SUCCESS\" > \"${SCRIPT_OUTPUT_FILE_0}\"\n";
			showEnvVarsInLog = 0;
		};
		C18C50BA9C96A56A63E21F77 /* [CP] Embed Pods Frameworks */ = {
			isa = PBXShellScriptBuildPhase;
			buildActionMask = 2147483647;
			files = (
			);
			inputFileListPaths = (
			);
			inputPaths = (
				"${PODS_ROOT}/Target Support Files/Pods-GoodDay/Pods-GoodDay-frameworks.sh",
				"${BUILT_PRODUCTS_DIR}/Alamofire/Alamofire.framework",
				"${BUILT_PRODUCTS_DIR}/FSCalendar/FSCalendar.framework",
				"${BUILT_PRODUCTS_DIR}/SwiftyJSON/SwiftyJSON.framework",
			);
			name = "[CP] Embed Pods Frameworks";
			outputFileListPaths = (
			);
			outputPaths = (
				"${TARGET_BUILD_DIR}/${FRAMEWORKS_FOLDER_PATH}/Alamofire.framework",
				"${TARGET_BUILD_DIR}/${FRAMEWORKS_FOLDER_PATH}/FSCalendar.framework",
				"${TARGET_BUILD_DIR}/${FRAMEWORKS_FOLDER_PATH}/SwiftyJSON.framework",
			);
			runOnlyForDeploymentPostprocessing = 0;
			shellPath = /bin/sh;
			shellScript = "\"${PODS_ROOT}/Target Support Files/Pods-GoodDay/Pods-GoodDay-frameworks.sh\"\n";
			showEnvVarsInLog = 0;
		};
/* End PBXShellScriptBuildPhase section */

/* Begin PBXSourcesBuildPhase section */
		30BD63D02213FBDD00ADDC22 /* Sources */ = {
			isa = PBXSourcesBuildPhase;
			buildActionMask = 2147483647;
			files = (
				30CE4E8C221808BD00800615 /* CalendarViewController.swift in Sources */,
				30BD63D82213FBDD00ADDC22 /* AppDelegate.swift in Sources */,
				30BD64072213FC5D00ADDC22 /* MoodViewController.swift in Sources */,
				3068D4372217BDC30087D693 /* MoodButton.swift in Sources */,
				30CE4E8A2217F18300800615 /* AddActivityViewController.swift in Sources */,
				3068D43F2217DB3D0087D693 /* PreviousMoodViewController.swift in Sources */,
				3068D4342217A1FF0087D693 /* MainTabBarController.swift in Sources */,
				30CE4E972218B36D00800615 /* HappiestActivitiesCell.swift in Sources */,
				30CE4E9922190A2900800615 /* SettingsViewController.swift in Sources */,
				30CE4E882217E7AC00800615 /* ActivitiesViewController.swift in Sources */,
				30CE4E952218ABF000800615 /* StatsViewController.swift in Sources */,
				3068D43B2217C0910087D693 /* DataService.swift in Sources */,
				30CE4E91221829CA00800615 /* ActivityViewCell.swift in Sources */,
				30CE4E8F221820CB00800615 /* Activity.swift in Sources */,
				3068D43D2217C3940087D693 /* Constants.swift in Sources */,
			);
			runOnlyForDeploymentPostprocessing = 0;
		};
		30BD63E42213FBDE00ADDC22 /* Sources */ = {
			isa = PBXSourcesBuildPhase;
			buildActionMask = 2147483647;
			files = (
				30BD63ED2213FBDE00ADDC22 /* GoodDayTests.swift in Sources */,
			);
			runOnlyForDeploymentPostprocessing = 0;
		};
		30BD63EF2213FBDE00ADDC22 /* Sources */ = {
			isa = PBXSourcesBuildPhase;
			buildActionMask = 2147483647;
			files = (
				30BD63F82213FBDE00ADDC22 /* GoodDayUITests.swift in Sources */,
			);
			runOnlyForDeploymentPostprocessing = 0;
		};
/* End PBXSourcesBuildPhase section */

/* Begin PBXTargetDependency section */
		30BD63EA2213FBDE00ADDC22 /* PBXTargetDependency */ = {
			isa = PBXTargetDependency;
			target = 30BD63D32213FBDD00ADDC22 /* GoodDay */;
			targetProxy = 30BD63E92213FBDE00ADDC22 /* PBXContainerItemProxy */;
		};
		30BD63F52213FBDE00ADDC22 /* PBXTargetDependency */ = {
			isa = PBXTargetDependency;
			target = 30BD63D32213FBDD00ADDC22 /* GoodDay */;
			targetProxy = 30BD63F42213FBDE00ADDC22 /* PBXContainerItemProxy */;
		};
/* End PBXTargetDependency section */

/* Begin PBXVariantGroup section */
		30BD63E02213FBDE00ADDC22 /* LaunchScreen.storyboard */ = {
			isa = PBXVariantGroup;
			children = (
				30BD63E12213FBDE00ADDC22 /* Base */,
			);
			name = LaunchScreen.storyboard;
			sourceTree = "<group>";
		};
/* End PBXVariantGroup section */

/* Begin XCBuildConfiguration section */
		30BD63FA2213FBDE00ADDC22 /* Debug */ = {
			isa = XCBuildConfiguration;
			buildSettings = {
				ALWAYS_SEARCH_USER_PATHS = NO;
				CLANG_ANALYZER_NONNULL = YES;
				CLANG_ANALYZER_NUMBER_OBJECT_CONVERSION = YES_AGGRESSIVE;
				CLANG_CXX_LANGUAGE_STANDARD = "gnu++14";
				CLANG_CXX_LIBRARY = "libc++";
				CLANG_ENABLE_MODULES = YES;
				CLANG_ENABLE_OBJC_ARC = YES;
				CLANG_ENABLE_OBJC_WEAK = YES;
				CLANG_WARN_BLOCK_CAPTURE_AUTORELEASING = YES;
				CLANG_WARN_BOOL_CONVERSION = YES;
				CLANG_WARN_COMMA = YES;
				CLANG_WARN_CONSTANT_CONVERSION = YES;
				CLANG_WARN_DEPRECATED_OBJC_IMPLEMENTATIONS = YES;
				CLANG_WARN_DIRECT_OBJC_ISA_USAGE = YES_ERROR;
				CLANG_WARN_DOCUMENTATION_COMMENTS = YES;
				CLANG_WARN_EMPTY_BODY = YES;
				CLANG_WARN_ENUM_CONVERSION = YES;
				CLANG_WARN_INFINITE_RECURSION = YES;
				CLANG_WARN_INT_CONVERSION = YES;
				CLANG_WARN_NON_LITERAL_NULL_CONVERSION = YES;
				CLANG_WARN_OBJC_IMPLICIT_RETAIN_SELF = YES;
				CLANG_WARN_OBJC_LITERAL_CONVERSION = YES;
				CLANG_WARN_OBJC_ROOT_CLASS = YES_ERROR;
				CLANG_WARN_RANGE_LOOP_ANALYSIS = YES;
				CLANG_WARN_STRICT_PROTOTYPES = YES;
				CLANG_WARN_SUSPICIOUS_MOVE = YES;
				CLANG_WARN_UNGUARDED_AVAILABILITY = YES_AGGRESSIVE;
				CLANG_WARN_UNREACHABLE_CODE = YES;
				CLANG_WARN__DUPLICATE_METHOD_MATCH = YES;
				CODE_SIGN_IDENTITY = "iPhone Developer";
				COPY_PHASE_STRIP = NO;
				DEBUG_INFORMATION_FORMAT = dwarf;
				ENABLE_STRICT_OBJC_MSGSEND = YES;
				ENABLE_TESTABILITY = YES;
				GCC_C_LANGUAGE_STANDARD = gnu11;
				GCC_DYNAMIC_NO_PIC = NO;
				GCC_NO_COMMON_BLOCKS = YES;
				GCC_OPTIMIZATION_LEVEL = 0;
				GCC_PREPROCESSOR_DEFINITIONS = (
					"DEBUG=1",
					"$(inherited)",
				);
				GCC_WARN_64_TO_32_BIT_CONVERSION = YES;
				GCC_WARN_ABOUT_RETURN_TYPE = YES_ERROR;
				GCC_WARN_UNDECLARED_SELECTOR = YES;
				GCC_WARN_UNINITIALIZED_AUTOS = YES_AGGRESSIVE;
				GCC_WARN_UNUSED_FUNCTION = YES;
				GCC_WARN_UNUSED_VARIABLE = YES;
				IPHONEOS_DEPLOYMENT_TARGET = 12.1;
				MTL_ENABLE_DEBUG_INFO = INCLUDE_SOURCE;
				MTL_FAST_MATH = YES;
				ONLY_ACTIVE_ARCH = YES;
				SDKROOT = iphoneos;
				SWIFT_ACTIVE_COMPILATION_CONDITIONS = DEBUG;
				SWIFT_OPTIMIZATION_LEVEL = "-Onone";
			};
			name = Debug;
		};
		30BD63FB2213FBDE00ADDC22 /* Release */ = {
			isa = XCBuildConfiguration;
			buildSettings = {
				ALWAYS_SEARCH_USER_PATHS = NO;
				CLANG_ANALYZER_NONNULL = YES;
				CLANG_ANALYZER_NUMBER_OBJECT_CONVERSION = YES_AGGRESSIVE;
				CLANG_CXX_LANGUAGE_STANDARD = "gnu++14";
				CLANG_CXX_LIBRARY = "libc++";
				CLANG_ENABLE_MODULES = YES;
				CLANG_ENABLE_OBJC_ARC = YES;
				CLANG_ENABLE_OBJC_WEAK = YES;
				CLANG_WARN_BLOCK_CAPTURE_AUTORELEASING = YES;
				CLANG_WARN_BOOL_CONVERSION = YES;
				CLANG_WARN_COMMA = YES;
				CLANG_WARN_CONSTANT_CONVERSION = YES;
				CLANG_WARN_DEPRECATED_OBJC_IMPLEMENTATIONS = YES;
				CLANG_WARN_DIRECT_OBJC_ISA_USAGE = YES_ERROR;
				CLANG_WARN_DOCUMENTATION_COMMENTS = YES;
				CLANG_WARN_EMPTY_BODY = YES;
				CLANG_WARN_ENUM_CONVERSION = YES;
				CLANG_WARN_INFINITE_RECURSION = YES;
				CLANG_WARN_INT_CONVERSION = YES;
				CLANG_WARN_NON_LITERAL_NULL_CONVERSION = YES;
				CLANG_WARN_OBJC_IMPLICIT_RETAIN_SELF = YES;
				CLANG_WARN_OBJC_LITERAL_CONVERSION = YES;
				CLANG_WARN_OBJC_ROOT_CLASS = YES_ERROR;
				CLANG_WARN_RANGE_LOOP_ANALYSIS = YES;
				CLANG_WARN_STRICT_PROTOTYPES = YES;
				CLANG_WARN_SUSPICIOUS_MOVE = YES;
				CLANG_WARN_UNGUARDED_AVAILABILITY = YES_AGGRESSIVE;
				CLANG_WARN_UNREACHABLE_CODE = YES;
				CLANG_WARN__DUPLICATE_METHOD_MATCH = YES;
				CODE_SIGN_IDENTITY = "iPhone Developer";
				COPY_PHASE_STRIP = NO;
				DEBUG_INFORMATION_FORMAT = "dwarf-with-dsym";
				ENABLE_NS_ASSERTIONS = NO;
				ENABLE_STRICT_OBJC_MSGSEND = YES;
				GCC_C_LANGUAGE_STANDARD = gnu11;
				GCC_NO_COMMON_BLOCKS = YES;
				GCC_WARN_64_TO_32_BIT_CONVERSION = YES;
				GCC_WARN_ABOUT_RETURN_TYPE = YES_ERROR;
				GCC_WARN_UNDECLARED_SELECTOR = YES;
				GCC_WARN_UNINITIALIZED_AUTOS = YES_AGGRESSIVE;
				GCC_WARN_UNUSED_FUNCTION = YES;
				GCC_WARN_UNUSED_VARIABLE = YES;
				IPHONEOS_DEPLOYMENT_TARGET = 12.1;
				MTL_ENABLE_DEBUG_INFO = NO;
				MTL_FAST_MATH = YES;
				SDKROOT = iphoneos;
				SWIFT_COMPILATION_MODE = wholemodule;
				SWIFT_OPTIMIZATION_LEVEL = "-O";
				VALIDATE_PRODUCT = YES;
			};
			name = Release;
		};
		30BD63FD2213FBDE00ADDC22 /* Debug */ = {
			isa = XCBuildConfiguration;
			baseConfigurationReference = DBA6678DCB249A5288CF3F0E /* Pods-GoodDay.debug.xcconfig */;
			buildSettings = {
				ASSETCATALOG_COMPILER_APPICON_NAME = AppIcon;
				CODE_SIGN_IDENTITY = "iPhone Developer";
				CODE_SIGN_STYLE = Automatic;
				DEVELOPMENT_TEAM = 3GBW8DQ7R3;
				INFOPLIST_FILE = GoodDay/Info.plist;
				LD_RUNPATH_SEARCH_PATHS = (
					"$(inherited)",
					"@executable_path/Frameworks",
				);
				PRODUCT_BUNDLE_IDENTIFIER = dannylin.GreatDay;
				PRODUCT_NAME = "$(TARGET_NAME)";
				SWIFT_VERSION = 4.2;
				TARGETED_DEVICE_FAMILY = "1,2";
			};
			name = Debug;
		};
		30BD63FE2213FBDE00ADDC22 /* Release */ = {
			isa = XCBuildConfiguration;
			baseConfigurationReference = 542FE3FBC1693A4227A34487 /* Pods-GoodDay.release.xcconfig */;
			buildSettings = {
				ASSETCATALOG_COMPILER_APPICON_NAME = AppIcon;
				CODE_SIGN_IDENTITY = "iPhone Developer";
				CODE_SIGN_STYLE = Automatic;
				DEVELOPMENT_TEAM = 3GBW8DQ7R3;
				INFOPLIST_FILE = GoodDay/Info.plist;
				LD_RUNPATH_SEARCH_PATHS = (
					"$(inherited)",
					"@executable_path/Frameworks",
				);
				PRODUCT_BUNDLE_IDENTIFIER = dannylin.GreatDay;
				PRODUCT_NAME = "$(TARGET_NAME)";
				SWIFT_VERSION = 4.2;
				TARGETED_DEVICE_FAMILY = "1,2";
			};
			name = Release;
		};
		30BD64002213FBDE00ADDC22 /* Debug */ = {
			isa = XCBuildConfiguration;
			baseConfigurationReference = 7D2D29D9E47541C431B19670 /* Pods-GoodDayTests.debug.xcconfig */;
			buildSettings = {
				ALWAYS_EMBED_SWIFT_STANDARD_LIBRARIES = YES;
				BUNDLE_LOADER = "$(TEST_HOST)";
				CODE_SIGN_STYLE = Automatic;
				DEVELOPMENT_TEAM = 3GBW8DQ7R3;
				INFOPLIST_FILE = GoodDayTests/Info.plist;
				LD_RUNPATH_SEARCH_PATHS = (
					"$(inherited)",
					"@executable_path/Frameworks",
					"@loader_path/Frameworks",
				);
				PRODUCT_BUNDLE_IDENTIFIER = dannylin.GoodDayTests;
				PRODUCT_NAME = "$(TARGET_NAME)";
				SWIFT_VERSION = 4.2;
				TARGETED_DEVICE_FAMILY = "1,2";
				TEST_HOST = "$(BUILT_PRODUCTS_DIR)/GoodDay.app/GoodDay";
			};
			name = Debug;
		};
		30BD64012213FBDE00ADDC22 /* Release */ = {
			isa = XCBuildConfiguration;
			baseConfigurationReference = 99B9DE501E6D6A580EAF4297 /* Pods-GoodDayTests.release.xcconfig */;
			buildSettings = {
				ALWAYS_EMBED_SWIFT_STANDARD_LIBRARIES = YES;
				BUNDLE_LOADER = "$(TEST_HOST)";
				CODE_SIGN_STYLE = Automatic;
				DEVELOPMENT_TEAM = 3GBW8DQ7R3;
				INFOPLIST_FILE = GoodDayTests/Info.plist;
				LD_RUNPATH_SEARCH_PATHS = (
					"$(inherited)",
					"@executable_path/Frameworks",
					"@loader_path/Frameworks",
				);
				PRODUCT_BUNDLE_IDENTIFIER = dannylin.GoodDayTests;
				PRODUCT_NAME = "$(TARGET_NAME)";
				SWIFT_VERSION = 4.2;
				TARGETED_DEVICE_FAMILY = "1,2";
				TEST_HOST = "$(BUILT_PRODUCTS_DIR)/GoodDay.app/GoodDay";
			};
			name = Release;
		};
		30BD64032213FBDE00ADDC22 /* Debug */ = {
			isa = XCBuildConfiguration;
			baseConfigurationReference = A69F9A025D3E8C1B48BE7700 /* Pods-GoodDayUITests.debug.xcconfig */;
			buildSettings = {
				ALWAYS_EMBED_SWIFT_STANDARD_LIBRARIES = YES;
				CODE_SIGN_STYLE = Automatic;
				DEVELOPMENT_TEAM = 3GBW8DQ7R3;
				INFOPLIST_FILE = GoodDayUITests/Info.plist;
				LD_RUNPATH_SEARCH_PATHS = (
					"$(inherited)",
					"@executable_path/Frameworks",
					"@loader_path/Frameworks",
				);
				PRODUCT_BUNDLE_IDENTIFIER = dannylin.GoodDayUITests;
				PRODUCT_NAME = "$(TARGET_NAME)";
				SWIFT_VERSION = 4.2;
				TARGETED_DEVICE_FAMILY = "1,2";
				TEST_TARGET_NAME = GoodDay;
			};
			name = Debug;
		};
		30BD64042213FBDE00ADDC22 /* Release */ = {
			isa = XCBuildConfiguration;
			baseConfigurationReference = 29CFFA8F3B2229A23C24D5A3 /* Pods-GoodDayUITests.release.xcconfig */;
			buildSettings = {
				ALWAYS_EMBED_SWIFT_STANDARD_LIBRARIES = YES;
				CODE_SIGN_STYLE = Automatic;
				DEVELOPMENT_TEAM = 3GBW8DQ7R3;
				INFOPLIST_FILE = GoodDayUITests/Info.plist;
				LD_RUNPATH_SEARCH_PATHS = (
					"$(inherited)",
					"@executable_path/Frameworks",
					"@loader_path/Frameworks",
				);
				PRODUCT_BUNDLE_IDENTIFIER = dannylin.GoodDayUITests;
				PRODUCT_NAME = "$(TARGET_NAME)";
				SWIFT_VERSION = 4.2;
				TARGETED_DEVICE_FAMILY = "1,2";
				TEST_TARGET_NAME = GoodDay;
			};
			name = Release;
		};
/* End XCBuildConfiguration section */

/* Begin XCConfigurationList section */
		30BD63CF2213FBDC00ADDC22 /* Build configuration list for PBXProject "GoodDay" */ = {
			isa = XCConfigurationList;
			buildConfigurations = (
				30BD63FA2213FBDE00ADDC22 /* Debug */,
				30BD63FB2213FBDE00ADDC22 /* Release */,
			);
			defaultConfigurationIsVisible = 0;
			defaultConfigurationName = Release;
		};
		30BD63FC2213FBDE00ADDC22 /* Build configuration list for PBXNativeTarget "GoodDay" */ = {
			isa = XCConfigurationList;
			buildConfigurations = (
				30BD63FD2213FBDE00ADDC22 /* Debug */,
				30BD63FE2213FBDE00ADDC22 /* Release */,
			);
			defaultConfigurationIsVisible = 0;
			defaultConfigurationName = Release;
		};
		30BD63FF2213FBDE00ADDC22 /* Build configuration list for PBXNativeTarget "GoodDayTests" */ = {
			isa = XCConfigurationList;
			buildConfigurations = (
				30BD64002213FBDE00ADDC22 /* Debug */,
				30BD64012213FBDE00ADDC22 /* Release */,
			);
			defaultConfigurationIsVisible = 0;
			defaultConfigurationName = Release;
		};
		30BD64022213FBDE00ADDC22 /* Build configuration list for PBXNativeTarget "GoodDayUITests" */ = {
			isa = XCConfigurationList;
			buildConfigurations = (
				30BD64032213FBDE00ADDC22 /* Debug */,
				30BD64042213FBDE00ADDC22 /* Release */,
			);
			defaultConfigurationIsVisible = 0;
			defaultConfigurationName = Release;
		};
/* End XCConfigurationList section */
	};
	rootObject = 30BD63CC2213FBDC00ADDC22 /* Project object */;
}
